{
  "originHash" : "4e40bb556d5a5f36d5d9bb2e3d9c37168f5172945489374e88f14f3111d6cc6f",
  "pins" : [
    {
      "identity" : "cryptoswift",
      "kind" : "remoteSourceControl",
      "location" : "https://github.com/krzyzanowskim/CryptoSwift",
      "state" : {
        "revision" : "eee9ad754926c40a0f7e73f152357d37b119b7fa",
        "version" : "1.7.1"
      }
    },
    {
      "identity" : "slidebutton",
      "kind" : "remoteSourceControl",
      "location" : "https://github.com/no-comment/SlideButton",
      "state" : {
        "branch" : "main",
        "revision" : "5eacebba4d7deeb693592bc9a62ab2d2181e133b"
      }
    }
  ],
  "version" : 3
}
